
Microsoft Visual Studio Solution File, Format Version 12.00
# Visual Studio Version 17
VisualStudioVersion = 17.5.002.0
MinimumVisualStudioVersion = 10.0.40219.1
Project("{9A19103F-16F7-4668-BE54-9A1E7A4F7556}") = "MoneyConverterinVB", "MoneyConverterinVB\MoneyConverterinVB.csproj", "{2A83E4D8-4B43-45F6-9617-A422003D684B}"
EndProject
Global
	GlobalSection(SolutionConfigurationPlatforms) = preSolution
		Debug|Any CPU = Debug|Any CPU
		Release|Any CPU = Release|Any CPU
	EndGlobalSection
	GlobalSection(ProjectConfigurationPlatforms) = postSolution
		{2A83E4D8-4B43-45F6-9617-A422003D684B}.Debug|Any CPU.ActiveCfg = Debug|Any CPU
		{2A83E4D8-4B43-45F6-9617-A422003D684B}.Debug|Any CPU.Build.0 = Debug|Any CPU
		{2A83E4D8-4B43-45F6-9617-A422003D684B}.Release|Any CPU.ActiveCfg = Release|Any CPU
		{2A83E4D8-4B43-45F6-9617-A422003D684B}.Release|Any CPU.Build.0 = Release|Any CPU
	EndGlobalSection
	GlobalSection(SolutionProperties) = preSolution
		HideSolutionNode = FALSE
	EndGlobalSection
	GlobalSection(ExtensibilityGlobals) = postSolution
		SolutionGuid = {B4E15C8B-70BD-4027-BE7C-D9C192669BA5}
	EndGlobalSection
EndGlobal
